# This file is automatically @generated by Cargo.
# It is not intended for manual editing.
version = 3

[[package]]
name = "day_1_trebuchet"
version = "0.1.0"

[[package]]
name = "day_2_cube_conundrum"
version = "0.1.0"

[[package]]
name = "day_4_scratchcards"
version = "0.1.0"

[[package]]
name = "day_6_wait_for_it"
version = "0.1.0"

[[package]]
name = "day_7_camel_cards"
version = "0.1.0"
dependencies = [
 "indoc",
]

[[package]]
name = "day_8_hounter_wasteland"
version = "0.1.0"
dependencies = [
 "log",
]

[[package]]
name = "indoc"
version = "2.0.5"
source = "registry+https://github.com/rust-lang/crates.io-index"
checksum = "b248f5224d1d606005e02c97f5aa4e88eeb230488bcc03bc9ca4d7991399f2b5"

[[package]]
name = "log"
version = "0.4.22"
source = "registry+https://github.com/rust-lang/crates.io-index"
checksum = "a7a70ba024b9dc04c27ea2f0c0548feb474ec5c54bba33a7f72f873a39d07b24"
